
Microsoft Visual Studio Solution File, Format Version 12.00
# Visual Studio Version 17
VisualStudioVersion = 17.9.34723.18
MinimumVisualStudioVersion = 10.0.40219.1
Project("{FAE04EC0-301F-11D3-BF4B-00C04F79EFBC}") = "Conditions_Loops", "Conditions_Loops\Conditions_Loops.csproj", "{AF65B82B-5EFF-48C1-9D80-11BDF189329A}"
EndProject
Global
	GlobalSection(SolutionConfigurationPlatforms) = preSolution
		Debug|Any CPU = Debug|Any CPU
		Release|Any CPU = Release|Any CPU
	EndGlobalSection
	GlobalSection(ProjectConfigurationPlatforms) = postSolution
		{AF65B82B-5EFF-48C1-9D80-11BDF189329A}.Debug|Any CPU.ActiveCfg = Debug|Any CPU
		{AF65B82B-5EFF-48C1-9D80-11BDF189329A}.Debug|Any CPU.Build.0 = Debug|Any CPU
		{AF65B82B-5EFF-48C1-9D80-11BDF189329A}.Release|Any CPU.ActiveCfg = Release|Any CPU
		{AF65B82B-5EFF-48C1-9D80-11BDF189329A}.Release|Any CPU.Build.0 = Release|Any CPU
	EndGlobalSection
	GlobalSection(SolutionProperties) = preSolution
		HideSolutionNode = FALSE
	EndGlobalSection
	GlobalSection(ExtensibilityGlobals) = postSolution
		SolutionGuid = {8A1C6E85-7DF8-45A9-A5B3-03812C2D9481}
	EndGlobalSection
EndGlobal
